lockfileVersion: '9.0'

settings:
  autoInstallPeers: true
  excludeLinksFromLockfile: false

importers:

  .:
    dependencies:
      '@parcel/watcher':
        specifier: ^2.5.4
        version: 2.5.4
      ldenv:
        specifier: ^0.3.16
        version: 0.3.16
      lodash:
        specifier: ^4.17.23
        version: 4.17.23
    devDependencies:
      '@types/lodash':
        specifier: ^4.17.23
        version: 4.17.23
      '@types/node':
        specifier: ^25.0.10
        version: 25.0.10
      as-soon:
        specifier: ^0.0.11
        version: 0.0.11
      typescript:
        specifier: ^5.9.3
        version: 5.9.3

packages:

  '@parcel/watcher-android-arm64@2.5.4':
    resolution: {integrity: sha512-hoh0vx4v+b3BNI7Cjoy2/B0ARqcwVNrzN/n7DLq9ZB4I3lrsvhrkCViJyfTj/Qi5xM9YFiH4AmHGK6pgH1ss7g==}
    engines: {node: '>= 10.0.0'}
    cpu: [arm64]
    os: [android]

  '@parcel/watcher-darwin-arm64@2.5.4':
    resolution: {integrity: sha512-kphKy377pZiWpAOyTgQYPE5/XEKVMaj6VUjKT5VkNyUJlr2qZAn8gIc7CPzx+kbhvqHDT9d7EqdOqRXT6vk0zw==}
    engines: {node: '>= 10.0.0'}
    cpu: [arm64]
    os: [darwin]

  '@parcel/watcher-darwin-x64@2.5.4':
    resolution: {integrity: sha512-UKaQFhCtNJW1A9YyVz3Ju7ydf6QgrpNQfRZ35wNKUhTQ3dxJ/3MULXN5JN/0Z80V/KUBDGa3RZaKq1EQT2a2gg==}
    engines: {node: '>= 10.0.0'}
    cpu: [x64]
    os: [darwin]

  '@parcel/watcher-freebsd-x64@2.5.4':
    resolution: {integrity: sha512-Dib0Wv3Ow/m2/ttvLdeI2DBXloO7t3Z0oCp4bAb2aqyqOjKPPGrg10pMJJAQ7tt8P4V2rwYwywkDhUia/FgS+Q==}
    engines: {node: '>= 10.0.0'}
    cpu: [x64]
    os: [freebsd]

  '@parcel/watcher-linux-arm-glibc@2.5.4':
    resolution: {integrity: sha512-I5Vb769pdf7Q7Sf4KNy8Pogl/URRCKu9ImMmnVKYayhynuyGYMzuI4UOWnegQNa2sGpsPSbzDsqbHNMyeyPCgw==}
    engines: {node: '>= 10.0.0'}
    cpu: [arm]
    os: [linux]

  '@parcel/watcher-linux-arm-musl@2.5.4':
    resolution: {integrity: sha512-kGO8RPvVrcAotV4QcWh8kZuHr9bXi9a3bSZw7kFarYR0+fGliU7hd/zevhjw8fnvIKG3J9EO5G6sXNGCSNMYPQ==}
    engines: {node: '>= 10.0.0'}
    cpu: [arm]
    os: [linux]

  '@parcel/watcher-linux-arm64-glibc@2.5.4':
    resolution: {integrity: sha512-KU75aooXhqGFY2W5/p8DYYHt4hrjHZod8AhcGAmhzPn/etTa+lYCDB2b1sJy3sWJ8ahFVTdy+EbqSBvMx3iFlw==}
    engines: {node: '>= 10.0.0'}
    cpu: [arm64]
    os: [linux]

  '@parcel/watcher-linux-arm64-musl@2.5.4':
    resolution: {integrity: sha512-Qx8uNiIekVutnzbVdrgSanM+cbpDD3boB1f8vMtnuG5Zau4/bdDbXyKwIn0ToqFhIuob73bcxV9NwRm04/hzHQ==}
    engines: {node: '>= 10.0.0'}
    cpu: [arm64]
    os: [linux]

  '@parcel/watcher-linux-x64-glibc@2.5.4':
    resolution: {integrity: sha512-UYBQvhYmgAv61LNUn24qGQdjtycFBKSK3EXr72DbJqX9aaLbtCOO8+1SkKhD/GNiJ97ExgcHBrukcYhVjrnogA==}
    engines: {node: '>= 10.0.0'}
    cpu: [x64]
    os: [linux]

  '@parcel/watcher-linux-x64-musl@2.5.4':
    resolution: {integrity: sha512-YoRWCVgxv8akZrMhdyVi6/TyoeeMkQ0PGGOf2E4omODrvd1wxniXP+DBynKoHryStks7l+fDAMUBRzqNHrVOpg==}
    engines: {node: '>= 10.0.0'}
    cpu: [x64]
    os: [linux]

  '@parcel/watcher-win32-arm64@2.5.4':
    resolution: {integrity: sha512-iby+D/YNXWkiQNYcIhg8P5hSjzXEHaQrk2SLrWOUD7VeC4Ohu0WQvmV+HDJokZVJ2UjJ4AGXW3bx7Lls9Ln4TQ==}
    engines: {node: '>= 10.0.0'}
    cpu: [arm64]
    os: [win32]

  '@parcel/watcher-win32-ia32@2.5.4':
    resolution: {integrity: sha512-vQN+KIReG0a2ZDpVv8cgddlf67J8hk1WfZMMP7sMeZmJRSmEax5xNDNWKdgqSe2brOKTQQAs3aCCUal2qBHAyg==}
    engines: {node: '>= 10.0.0'}
    cpu: [ia32]
    os: [win32]

  '@parcel/watcher-win32-x64@2.5.4':
    resolution: {integrity: sha512-3A6efb6BOKwyw7yk9ro2vus2YTt2nvcd56AuzxdMiVOxL9umDyN5PKkKfZ/gZ9row41SjVmTVQNWQhaRRGpOKw==}
    engines: {node: '>= 10.0.0'}
    cpu: [x64]
    os: [win32]

  '@parcel/watcher@2.5.4':
    resolution: {integrity: sha512-WYa2tUVV5HiArWPB3ydlOc4R2ivq0IDrlqhMi3l7mVsFEXNcTfxYFPIHXHXIh/ca/y/V5N4E1zecyxdIBjYnkQ==}
    engines: {node: '>= 10.0.0'}

  '@types/lodash@4.17.23':
    resolution: {integrity: sha512-RDvF6wTulMPjrNdCoYRC8gNR880JNGT8uB+REUpC2Ns4pRqQJhGz90wh7rgdXDPpCczF3VGktDuFGVnz8zP7HA==}

  '@types/node@25.0.10':
    resolution: {integrity: sha512-zWW5KPngR/yvakJgGOmZ5vTBemDoSqF3AcV/LrO5u5wTWyEAVVh+IT39G4gtyAkh3CtTZs8aX/yRM82OfzHJRg==}

  as-soon@0.0.11:
    resolution: {integrity: sha512-TnRPr8b9ho4/D6uE6YkEQzRDCaztNdjEs8RnI/KHfKvYs2W5JTv2WRIaUzW1cgNDMoAEK3W+sGhfZr45fxUOZQ==}
    hasBin: true

  detect-libc@2.1.2:
    resolution: {integrity: sha512-Btj2BOOO83o3WyH59e8MgXsxEQVcarkUOpEYrubB0urwnN10yQ364rsiByU11nZlqWYZm05i/of7io4mzihBtQ==}
    engines: {node: '>=8'}

  dotenv-expand@10.0.0:
    resolution: {integrity: sha512-GopVGCpVS1UKH75VKHGuQFqS1Gusej0z4FyQkPdwjil2gNIv+LNsqBlboOzpJFZKVT95GkCyWJbBSdFEFUWI2A==}
    engines: {node: '>=12'}

  dotenv@16.6.1:
    resolution: {integrity: sha512-uBq4egWHTcTt33a72vpSG0z3HnPuIl6NqYcTrKEg2azoEyl2hpW0zqlxysq2pK9HlDIHyHyakeYaYnSAwd8bow==}
    engines: {node: '>=12'}

  is-extglob@2.1.1:
    resolution: {integrity: sha512-SbKbANkN603Vi4jEZv49LeVJMn4yGwsbzZworEoyEiutsN3nJYdbO36zfhGJ6QEDpOZIFkDtnq5JRxmvl3jsoQ==}
    engines: {node: '>=0.10.0'}

  is-glob@4.0.3:
    resolution: {integrity: sha512-xelSayHH36ZgE7ZWhli7pW34hNbNl8Ojv5KVmkJD4hBdD3th8Tfk9vYasLM+mXWOZhFkgZfxhLSnrwRr4elSSg==}
    engines: {node: '>=0.10.0'}

  ldenv@0.3.16:
    resolution: {integrity: sha512-ShaNPPzgUi+iGj9bsQ0TPRm6MuOcPpc1NklL0/IzJsvB0OdHwWoPhmeTVR5z0oC3zzLebrojozo/nt8d2XTZbQ==}
    hasBin: true

  lodash-es@4.17.23:
    resolution: {integrity: sha512-kVI48u3PZr38HdYz98UmfPnXl2DXrpdctLrFLCd3kOx1xUkOmpFPx7gCWWM5MPkL/fD8zb+Ph0QzjGFs4+hHWg==}

  lodash@4.17.23:
    resolution: {integrity: sha512-LgVTMpQtIopCi79SJeDiP0TfWi5CNEc/L/aRdTh3yIvmZXTnheWpKjSZhnvMl8iXbC1tFg9gdHHDMLoV7CnG+w==}

  node-addon-api@7.1.1:
    resolution: {integrity: sha512-5m3bsyrjFWE1xf7nz7YXdN4udnVtXK6/Yfgn5qnahL6bCkf2yKt4k3nuTKAtT4r3IG8JNR2ncsIMdZuAzJjHQQ==}

  picomatch@4.0.3:
    resolution: {integrity: sha512-5gTmgEY/sqK6gFXLIsQNH19lWb4ebPDLA4SdLP7dsWkIXHWlG66oPuVvXSGFPppYZz8ZDZq0dYYrbHfBCVUb1Q==}
    engines: {node: '>=12'}

  typescript@5.9.3:
    resolution: {integrity: sha512-jl1vZzPDinLr9eUt3J/t7V6FgNEw9QjvBPdysz9KfQDD41fQrC2Y4vKQdiaUpFT4bXlb1RHhLpp8wtm6M5TgSw==}
    engines: {node: '>=14.17'}
    hasBin: true

  undici-types@7.16.0:
    resolution: {integrity: sha512-Zz+aZWSj8LE6zoxD+xrjh4VfkIG8Ya6LvYkZqtUQGJPZjYl53ypCaUwWqo7eI0x66KBGeRo+mlBEkMSeSZ38Nw==}

snapshots:

  '@parcel/watcher-android-arm64@2.5.4':
    optional: true

  '@parcel/watcher-darwin-arm64@2.5.4':
    optional: true

  '@parcel/watcher-darwin-x64@2.5.4':
    optional: true

  '@parcel/watcher-freebsd-x64@2.5.4':
    optional: true

  '@parcel/watcher-linux-arm-glibc@2.5.4':
    optional: true

  '@parcel/watcher-linux-arm-musl@2.5.4':
    optional: true

  '@parcel/watcher-linux-arm64-glibc@2.5.4':
    optional: true

  '@parcel/watcher-linux-arm64-musl@2.5.4':
    optional: true

  '@parcel/watcher-linux-x64-glibc@2.5.4':
    optional: true

  '@parcel/watcher-linux-x64-musl@2.5.4':
    optional: true

  '@parcel/watcher-win32-arm64@2.5.4':
    optional: true

  '@parcel/watcher-win32-ia32@2.5.4':
    optional: true

  '@parcel/watcher-win32-x64@2.5.4':
    optional: true

  '@parcel/watcher@2.5.4':
    dependencies:
      detect-libc: 2.1.2
      is-glob: 4.0.3
      node-addon-api: 7.1.1
      picomatch: 4.0.3
    optionalDependencies:
      '@parcel/watcher-android-arm64': 2.5.4
      '@parcel/watcher-darwin-arm64': 2.5.4
      '@parcel/watcher-darwin-x64': 2.5.4
      '@parcel/watcher-freebsd-x64': 2.5.4
      '@parcel/watcher-linux-arm-glibc': 2.5.4
      '@parcel/watcher-linux-arm-musl': 2.5.4
      '@parcel/watcher-linux-arm64-glibc': 2.5.4
      '@parcel/watcher-linux-arm64-musl': 2.5.4
      '@parcel/watcher-linux-x64-glibc': 2.5.4
      '@parcel/watcher-linux-x64-musl': 2.5.4
      '@parcel/watcher-win32-arm64': 2.5.4
      '@parcel/watcher-win32-ia32': 2.5.4
      '@parcel/watcher-win32-x64': 2.5.4

  '@types/lodash@4.17.23': {}

  '@types/node@25.0.10':
    dependencies:
      undici-types: 7.16.0

  as-soon@0.0.11:
    dependencies:
      '@parcel/watcher': 2.5.4
      ldenv: 0.3.16
      lodash: 4.17.23
      lodash-es: 4.17.23

  detect-libc@2.1.2: {}

  dotenv-expand@10.0.0: {}

  dotenv@16.6.1: {}

  is-extglob@2.1.1: {}

  is-glob@4.0.3:
    dependencies:
      is-extglob: 2.1.1

  ldenv@0.3.16:
    dependencies:
      dotenv: 16.6.1
      dotenv-expand: 10.0.0

  lodash-es@4.17.23: {}

  lodash@4.17.23: {}

  node-addon-api@7.1.1: {}

  picomatch@4.0.3: {}

  typescript@5.9.3: {}

  undici-types@7.16.0: {}
